
Microsoft Visual Studio Solution File, Format Version 12.00
# Visual Studio Version 16
VisualStudioVersion = 16.0.30907.101
MinimumVisualStudioVersion = 10.0.40219.1
Project("{FAE04EC0-301F-11D3-BF4B-00C04F79EFBC}") = "MaterialList", "MaterialList.csproj", "{A997F62C-5DF7-427D-BA3C-0429FB10FB0A}"
EndProject
Global
	GlobalSection(SolutionConfigurationPlatforms) = preSolution
		Debug|Any CPU = Debug|Any CPU
		Release|Any CPU = Release|Any CPU
	EndGlobalSection
	GlobalSection(ProjectConfigurationPlatforms) = postSolution
		{A997F62C-5DF7-427D-BA3C-0429FB10FB0A}.Debug|Any CPU.ActiveCfg = Debug|Any CPU
		{A997F62C-5DF7-427D-BA3C-0429FB10FB0A}.Debug|Any CPU.Build.0 = Debug|Any CPU
		{A997F62C-5DF7-427D-BA3C-0429FB10FB0A}.Release|Any CPU.ActiveCfg = Release|Any CPU
		{A997F62C-5DF7-427D-BA3C-0429FB10FB0A}.Release|Any CPU.Build.0 = Release|Any CPU
	EndGlobalSection
	GlobalSection(SolutionProperties) = preSolution
		HideSolutionNode = FALSE
	EndGlobalSection
	GlobalSection(ExtensibilityGlobals) = postSolution
		SolutionGuid = {6ED8D2BA-B892-4166-A5D4-42F0DF5CABA1}
	EndGlobalSection
EndGlobal
